// !$*UTF8*$!
{
	archiveVersion = 1;
	classes = {
	};
	objectVersion = 46;
	objects = {

/* Begin PBXBuildFile section */
		492AF8601CC9B34B00A805F3 /* AppDelegate.swift in Sources */ = {isa = PBXBuildFile; fileRef = 492AF85F1CC9B34B00A805F3 /* AppDelegate.swift */; };
		492AF8671CC9B34B00A805F3 /* MapViewController.swift in Sources */ = {isa = PBXBuildFile; fileRef = 492AF8661CC9B34B00A805F3 /* MapViewController.swift */; };
		492AF86A1CC9B34B00A805F3 /* Main.storyboard in Resources */ = {isa = PBXBuildFile; fileRef = 492AF8681CC9B34B00A805F3 /* Main.storyboard */; };
		492AF86C1CC9B34B00A805F3 /* Assets.xcassets in Resources */ = {isa = PBXBuildFile; fileRef = 492AF86B1CC9B34B00A805F3 /* Assets.xcassets */; };
		492AF86F1CC9B34B00A805F3 /* LaunchScreen.storyboard in Resources */ = {isa = PBXBuildFile; fileRef = 492AF86D1CC9B34B00A805F3 /* LaunchScreen.storyboard */; };
		492AF89E1CC9BA0D00A805F3 /* Joystick.m in Sources */ = {isa = PBXBuildFile; fileRef = 492AF89D1CC9BA0D00A805F3 /* Joystick.m */; };
		492AF8A01CC9CE6600A805F3 /* JSONHelper.swift in Sources */ = {isa = PBXBuildFile; fileRef = 492AF89F1CC9CE6600A805F3 /* JSONHelper.swift */; };
		4949CEB51CE0745200959856 /* libz.tbd in Frameworks */ = {isa = PBXBuildFile; fileRef = 4949CEB41CE0745200959856 /* libz.tbd */; };
		4949CEB91CE0748C00959856 /* NSData+GZIP.swift in Sources */ = {isa = PBXBuildFile; fileRef = 4949CEB81CE0748C00959856 /* NSData+GZIP.swift */; };
		4981885C1CCAB92C00029A6D /* AnalogueStick.m in Sources */ = {isa = PBXBuildFile; fileRef = 4981885B1CCAB92C00029A6D /* AnalogueStick.m */; };
		498188611CCAB98600029A6D /* analogue_bg.png in Resources */ = {isa = PBXBuildFile; fileRef = 4981885D1CCAB98600029A6D /* analogue_bg.png */; };
		498188621CCAB98600029A6D /* analogue_bg@2x.png in Resources */ = {isa = PBXBuildFile; fileRef = 4981885E1CCAB98600029A6D /* analogue_bg@2x.png */; };
		498188631CCAB98600029A6D /* analogue_handle.png in Resources */ = {isa = PBXBuildFile; fileRef = 4981885F1CCAB98600029A6D /* analogue_handle.png */; };
		498188641CCAB98600029A6D /* analogue_handle@2x.png in Resources */ = {isa = PBXBuildFile; fileRef = 498188601CCAB98600029A6D /* analogue_handle@2x.png */; };
		4981887B1CCADEB700029A6D /* SocketAckEmitter.swift in Sources */ = {isa = PBXBuildFile; fileRef = 498188661CCADEB700029A6D /* SocketAckEmitter.swift */; };
		4981887C1CCADEB700029A6D /* SocketAckManager.swift in Sources */ = {isa = PBXBuildFile; fileRef = 498188671CCADEB700029A6D /* SocketAckManager.swift */; };
		4981887D1CCADEB700029A6D /* SocketAnyEvent.swift in Sources */ = {isa = PBXBuildFile; fileRef = 498188681CCADEB700029A6D /* SocketAnyEvent.swift */; };
		4981887E1CCADEB700029A6D /* SocketClientSpec.swift in Sources */ = {isa = PBXBuildFile; fileRef = 498188691CCADEB700029A6D /* SocketClientSpec.swift */; };
		4981887F1CCADEB700029A6D /* SocketEngine.swift in Sources */ = {isa = PBXBuildFile; fileRef = 4981886A1CCADEB700029A6D /* SocketEngine.swift */; };
		498188801CCADEB700029A6D /* SocketEngineClient.swift in Sources */ = {isa = PBXBuildFile; fileRef = 4981886B1CCADEB700029A6D /* SocketEngineClient.swift */; };
		498188811CCADEB700029A6D /* SocketEnginePacketType.swift in Sources */ = {isa = PBXBuildFile; fileRef = 4981886C1CCADEB700029A6D /* SocketEnginePacketType.swift */; };
		498188821CCADEB700029A6D /* SocketEnginePollable.swift in Sources */ = {isa = PBXBuildFile; fileRef = 4981886D1CCADEB700029A6D /* SocketEnginePollable.swift */; };
		498188831CCADEB700029A6D /* SocketEngineSpec.swift in Sources */ = {isa = PBXBuildFile; fileRef = 4981886E1CCADEB700029A6D /* SocketEngineSpec.swift */; };
		498188841CCADEB700029A6D /* SocketEngineWebsocket.swift in Sources */ = {isa = PBXBuildFile; fileRef = 4981886F1CCADEB700029A6D /* SocketEngineWebsocket.swift */; };
		498188851CCADEB700029A6D /* SocketEventHandler.swift in Sources */ = {isa = PBXBuildFile; fileRef = 498188701CCADEB700029A6D /* SocketEventHandler.swift */; };
		498188861CCADEB700029A6D /* SocketIOClient.swift in Sources */ = {isa = PBXBuildFile; fileRef = 498188711CCADEB700029A6D /* SocketIOClient.swift */; };
		498188871CCADEB700029A6D /* SocketIOClientOption.swift in Sources */ = {isa = PBXBuildFile; fileRef = 498188721CCADEB700029A6D /* SocketIOClientOption.swift */; };
		498188881CCADEB700029A6D /* SocketIOClientStatus.swift in Sources */ = {isa = PBXBuildFile; fileRef = 498188731CCADEB700029A6D /* SocketIOClientStatus.swift */; };
		498188891CCADEB700029A6D /* SocketLogger.swift in Sources */ = {isa = PBXBuildFile; fileRef = 498188741CCADEB700029A6D /* SocketLogger.swift */; };
		4981888A1CCADEB700029A6D /* SocketPacket.swift in Sources */ = {isa = PBXBuildFile; fileRef = 498188751CCADEB700029A6D /* SocketPacket.swift */; };
		4981888B1CCADEB700029A6D /* SocketParsable.swift in Sources */ = {isa = PBXBuildFile; fileRef = 498188761CCADEB700029A6D /* SocketParsable.swift */; };
		4981888C1CCADEB700029A6D /* SocketStringReader.swift in Sources */ = {isa = PBXBuildFile; fileRef = 498188771CCADEB700029A6D /* SocketStringReader.swift */; };
		4981888D1CCADEB700029A6D /* SocketTypes.swift in Sources */ = {isa = PBXBuildFile; fileRef = 498188781CCADEB700029A6D /* SocketTypes.swift */; };
		4981888E1CCADEB700029A6D /* SwiftRegex.swift in Sources */ = {isa = PBXBuildFile; fileRef = 498188791CCADEB700029A6D /* SwiftRegex.swift */; };
		4981888F1CCADEB700029A6D /* WebSocket.swift in Sources */ = {isa = PBXBuildFile; fileRef = 4981887A1CCADEB700029A6D /* WebSocket.swift */; };
		49CC31821CCB24B400E9A905 /* Oswald-Bold.ttf in Resources */ = {isa = PBXBuildFile; fileRef = 49CC31721CCB248400E9A905 /* Oswald-Bold.ttf */; };
		49CC31831CCB24B700E9A905 /* Oswald-BoldItalic.ttf in Resources */ = {isa = PBXBuildFile; fileRef = 49CC31731CCB248400E9A905 /* Oswald-BoldItalic.ttf */; };
		49CC31841CCB24B900E9A905 /* Oswald-Demi-BoldItalic.ttf in Resources */ = {isa = PBXBuildFile; fileRef = 49CC31741CCB248400E9A905 /* Oswald-Demi-BoldItalic.ttf */; };
		49CC31851CCB24BB00E9A905 /* Oswald-DemiBold.ttf in Resources */ = {isa = PBXBuildFile; fileRef = 49CC31751CCB248400E9A905 /* Oswald-DemiBold.ttf */; };
		49CC31861CCB24BD00E9A905 /* Oswald-Extra-LightItalic.ttf in Resources */ = {isa = PBXBuildFile; fileRef = 49CC31761CCB248400E9A905 /* Oswald-Extra-LightItalic.ttf */; };
		49CC31871CCB24BF00E9A905 /* Oswald-ExtraLight.ttf in Resources */ = {isa = PBXBuildFile; fileRef = 49CC31771CCB248400E9A905 /* Oswald-ExtraLight.ttf */; };
		49CC31881CCB24C300E9A905 /* Oswald-Heavy.ttf in Resources */ = {isa = PBXBuildFile; fileRef = 49CC31781CCB248400E9A905 /* Oswald-Heavy.ttf */; };
		49CC31891CCB24C500E9A905 /* Oswald-HeavyItalic.ttf in Resources */ = {isa = PBXBuildFile; fileRef = 49CC31791CCB248400E9A905 /* Oswald-HeavyItalic.ttf */; };
		49CC318A1CCB24C700E9A905 /* Oswald-Light.ttf in Resources */ = {isa = PBXBuildFile; fileRef = 49CC317A1CCB248400E9A905 /* Oswald-Light.ttf */; };
		49CC318B1CCB24C900E9A905 /* Oswald-LightItalic.ttf in Resources */ = {isa = PBXBuildFile; fileRef = 49CC317B1CCB248400E9A905 /* Oswald-LightItalic.ttf */; };
		49CC318C1CCB24CB00E9A905 /* Oswald-Medium.ttf in Resources */ = {isa = PBXBuildFile; fileRef = 49CC317C1CCB248400E9A905 /* Oswald-Medium.ttf */; };
		49CC318D1CCB24CD00E9A905 /* Oswald-MediumItalic.ttf in Resources */ = {isa = PBXBuildFile; fileRef = 49CC317D1CCB248400E9A905 /* Oswald-MediumItalic.ttf */; };
		49CC318E1CCB24CF00E9A905 /* Oswald-Regular.ttf in Resources */ = {isa = PBXBuildFile; fileRef = 49CC317E1CCB248400E9A905 /* Oswald-Regular.ttf */; };
		49CC318F1CCB24D100E9A905 /* Oswald-RegularItalic.ttf in Resources */ = {isa = PBXBuildFile; fileRef = 49CC317F1CCB248400E9A905 /* Oswald-RegularItalic.ttf */; };
		49CC31901CCB24D300E9A905 /* Oswald-Stencil.ttf in Resources */ = {isa = PBXBuildFile; fileRef = 49CC31801CCB248400E9A905 /* Oswald-Stencil.ttf */; };
		BD2DC7BB1CE5054C00AAC56B /* logo.png in Resources */ = {isa = PBXBuildFile; fileRef = BD2DC7BA1CE5054C00AAC56B /* logo.png */; };
		BDD1EFFA1CF26CF300DF3B52 /* VideoFeedViewController.swift in Sources */ = {isa = PBXBuildFile; fileRef = BDD1EFF91CF26CF300DF3B52 /* VideoFeedViewController.swift */; };
		BDD1F0001CF2712000DF3B52 /* ControlBarViewController.swift in Sources */ = {isa = PBXBuildFile; fileRef = BDD1EFFF1CF2712000DF3B52 /* ControlBarViewController.swift */; };
		BDD1F0061CF2797E00DF3B52 /* DroneViewController.swift in Sources */ = {isa = PBXBuildFile; fileRef = BDD1F0051CF2797E00DF3B52 /* DroneViewController.swift */; };
		BDD1F00E1CF37AD600DF3B52 /* ControlBarModel.swift in Sources */ = {isa = PBXBuildFile; fileRef = BDD1F00D1CF37AD600DF3B52 /* ControlBarModel.swift */; };
		BDD1F0181CF3952400DF3B52 /* RotationSliderViewController.swift in Sources */ = {isa = PBXBuildFile; fileRef = BDD1F0171CF3952400DF3B52 /* RotationSliderViewController.swift */; };
		BDD1F01A1CF3985000DF3B52 /* AltitudeSliderViewController.swift in Sources */ = {isa = PBXBuildFile; fileRef = BDD1F0191CF3985000DF3B52 /* AltitudeSliderViewController.swift */; };
		BDD1F01C1CF3B20A00DF3B52 /* UIColorExtensions.swift in Sources */ = {isa = PBXBuildFile; fileRef = BDD1F01B1CF3B20A00DF3B52 /* UIColorExtensions.swift */; };
		BDD1F0521CF520D500DF3B52 /* ImageExtensions.swift in Sources */ = {isa = PBXBuildFile; fileRef = BDD1F0511CF520D500DF3B52 /* ImageExtensions.swift */; };
		BDD1F0541CF630A300DF3B52 /* LateralMovementViewController.swift in Sources */ = {isa = PBXBuildFile; fileRef = BDD1F0531CF630A300DF3B52 /* LateralMovementViewController.swift */; };
		BDD1F0561CF630AD00DF3B52 /* SARMenuViewController.swift in Sources */ = {isa = PBXBuildFile; fileRef = BDD1F0551CF630AD00DF3B52 /* SARMenuViewController.swift */; };
		BDDE047A1CD15A9E00E61271 /* CurrentLocationAnnotation.swift in Sources */ = {isa = PBXBuildFile; fileRef = BDDE04791CD15A9E00E61271 /* CurrentLocationAnnotation.swift */; };
		C13F56001CF4546D009FF68B /* SummaryViewController.swift in Sources */ = {isa = PBXBuildFile; fileRef = C13F55FF1CF4546D009FF68B /* SummaryViewController.swift */; };
		C1C8124B1CD94B110087ED4D /* WaypointAnnotation.swift in Sources */ = {isa = PBXBuildFile; fileRef = C1C8124A1CD94B110087ED4D /* WaypointAnnotation.swift */; };
/* End PBXBuildFile section */

/* Begin PBXContainerItemProxy section */
		492AF8761CC9B34B00A805F3 /* PBXContainerItemProxy */ = {
			isa = PBXContainerItemProxy;
			containerPortal = 492AF8541CC9B34B00A805F3 /* Project object */;
			proxyType = 1;
			remoteGlobalIDString = 492AF85B1CC9B34B00A805F3;
			remoteInfo = Sparrow;
		};
		492AF8811CC9B34B00A805F3 /* PBXContainerItemProxy */ = {
			isa = PBXContainerItemProxy;
			containerPortal = 492AF8541CC9B34B00A805F3 /* Project object */;
			proxyType = 1;
			remoteGlobalIDString = 492AF85B1CC9B34B00A805F3;
			remoteInfo = Sparrow;
		};
/* End PBXContainerItemProxy section */

/* Begin PBXFileReference section */
		492AF85C1CC9B34B00A805F3 /* Sparrow.app */ = {isa = PBXFileReference; explicitFileType = wrapper.application; includeInIndex = 0; path = Sparrow.app; sourceTree = BUILT_PRODUCTS_DIR; };
		492AF85F1CC9B34B00A805F3 /* AppDelegate.swift */ = {isa = PBXFileReference; lastKnownFileType = sourcecode.swift; path = AppDelegate.swift; sourceTree = "<group>"; };
		492AF8661CC9B34B00A805F3 /* MapViewController.swift */ = {isa = PBXFileReference; lastKnownFileType = sourcecode.swift; path = MapViewController.swift; sourceTree = "<group>"; };
		492AF8691CC9B34B00A805F3 /* Base */ = {isa = PBXFileReference; lastKnownFileType = file.storyboard; name = Base; path = Base.lproj/Main.storyboard; sourceTree = "<group>"; };
		492AF86B1CC9B34B00A805F3 /* Assets.xcassets */ = {isa = PBXFileReference; lastKnownFileType = folder.assetcatalog; path = Assets.xcassets; sourceTree = "<group>"; };
		492AF86E1CC9B34B00A805F3 /* Base */ = {isa = PBXFileReference; lastKnownFileType = file.storyboard; name = Base; path = Base.lproj/LaunchScreen.storyboard; sourceTree = "<group>"; };
		492AF8701CC9B34B00A805F3 /* Info.plist */ = {isa = PBXFileReference; lastKnownFileType = text.plist.xml; path = Info.plist; sourceTree = "<group>"; };
		492AF8751CC9B34B00A805F3 /* SparrowTests.xctest */ = {isa = PBXFileReference; explicitFileType = wrapper.cfbundle; includeInIndex = 0; path = SparrowTests.xctest; sourceTree = BUILT_PRODUCTS_DIR; };
		492AF8801CC9B34B00A805F3 /* SparrowUITests.xctest */ = {isa = PBXFileReference; explicitFileType = wrapper.cfbundle; includeInIndex = 0; path = SparrowUITests.xctest; sourceTree = BUILT_PRODUCTS_DIR; };
		492AF89C1CC9BA0D00A805F3 /* Joystick.h */ = {isa = PBXFileReference; fileEncoding = 4; lastKnownFileType = sourcecode.c.h; path = Joystick.h; sourceTree = "<group>"; };
		492AF89D1CC9BA0D00A805F3 /* Joystick.m */ = {isa = PBXFileReference; fileEncoding = 4; lastKnownFileType = sourcecode.c.objc; path = Joystick.m; sourceTree = "<group>"; };
		492AF89F1CC9CE6600A805F3 /* JSONHelper.swift */ = {isa = PBXFileReference; fileEncoding = 4; lastKnownFileType = sourcecode.swift; path = JSONHelper.swift; sourceTree = "<group>"; };
		4949CEB41CE0745200959856 /* libz.tbd */ = {isa = PBXFileReference; lastKnownFileType = "sourcecode.text-based-dylib-definition"; name = libz.tbd; path = usr/lib/libz.tbd; sourceTree = SDKROOT; };
		4949CEB61CE0748C00959856 /* include.h */ = {isa = PBXFileReference; fileEncoding = 4; lastKnownFileType = sourcecode.c.h; path = include.h; sourceTree = "<group>"; };
		4949CEB71CE0748C00959856 /* module.modulemap */ = {isa = PBXFileReference; fileEncoding = 4; lastKnownFileType = "sourcecode.module-map"; path = module.modulemap; sourceTree = "<group>"; };
		4949CEB81CE0748C00959856 /* NSData+GZIP.swift */ = {isa = PBXFileReference; fileEncoding = 4; lastKnownFileType = sourcecode.swift; path = "NSData+GZIP.swift"; sourceTree = "<group>"; };
		4981885A1CCAB92C00029A6D /* AnalogueStick.h */ = {isa = PBXFileReference; fileEncoding = 4; lastKnownFileType = sourcecode.c.h; path = AnalogueStick.h; sourceTree = "<group>"; };
		4981885B1CCAB92C00029A6D /* AnalogueStick.m */ = {isa = PBXFileReference; fileEncoding = 4; lastKnownFileType = sourcecode.c.objc; path = AnalogueStick.m; sourceTree = "<group>"; };
		4981885D1CCAB98600029A6D /* analogue_bg.png */ = {isa = PBXFileReference; lastKnownFileType = image.png; path = analogue_bg.png; sourceTree = "<group>"; };
		4981885E1CCAB98600029A6D /* analogue_bg@2x.png */ = {isa = PBXFileReference; lastKnownFileType = image.png; path = "analogue_bg@2x.png"; sourceTree = "<group>"; };
		4981885F1CCAB98600029A6D /* analogue_handle.png */ = {isa = PBXFileReference; lastKnownFileType = image.png; path = analogue_handle.png; sourceTree = "<group>"; };
		498188601CCAB98600029A6D /* analogue_handle@2x.png */ = {isa = PBXFileReference; lastKnownFileType = image.png; path = "analogue_handle@2x.png"; sourceTree = "<group>"; };
		498188661CCADEB700029A6D /* SocketAckEmitter.swift */ = {isa = PBXFileReference; fileEncoding = 4; lastKnownFileType = sourcecode.swift; path = SocketAckEmitter.swift; sourceTree = "<group>"; };
		498188671CCADEB700029A6D /* SocketAckManager.swift */ = {isa = PBXFileReference; fileEncoding = 4; lastKnownFileType = sourcecode.swift; path = SocketAckManager.swift; sourceTree = "<group>"; };
		498188681CCADEB700029A6D /* SocketAnyEvent.swift */ = {isa = PBXFileReference; fileEncoding = 4; lastKnownFileType = sourcecode.swift; path = SocketAnyEvent.swift; sourceTree = "<group>"; };
		498188691CCADEB700029A6D /* SocketClientSpec.swift */ = {isa = PBXFileReference; fileEncoding = 4; lastKnownFileType = sourcecode.swift; path = SocketClientSpec.swift; sourceTree = "<group>"; };
		4981886A1CCADEB700029A6D /* SocketEngine.swift */ = {isa = PBXFileReference; fileEncoding = 4; lastKnownFileType = sourcecode.swift; path = SocketEngine.swift; sourceTree = "<group>"; };
		4981886B1CCADEB700029A6D /* SocketEngineClient.swift */ = {isa = PBXFileReference; fileEncoding = 4; lastKnownFileType = sourcecode.swift; path = SocketEngineClient.swift; sourceTree = "<group>"; };
		4981886C1CCADEB700029A6D /* SocketEnginePacketType.swift */ = {isa = PBXFileReference; fileEncoding = 4; lastKnownFileType = sourcecode.swift; path = SocketEnginePacketType.swift; sourceTree = "<group>"; };
		4981886D1CCADEB700029A6D /* SocketEnginePollable.swift */ = {isa = PBXFileReference; fileEncoding = 4; lastKnownFileType = sourcecode.swift; path = SocketEnginePollable.swift; sourceTree = "<group>"; };
		4981886E1CCADEB700029A6D /* SocketEngineSpec.swift */ = {isa = PBXFileReference; fileEncoding = 4; lastKnownFileType = sourcecode.swift; path = SocketEngineSpec.swift; sourceTree = "<group>"; };
		4981886F1CCADEB700029A6D /* SocketEngineWebsocket.swift */ = {isa = PBXFileReference; fileEncoding = 4; lastKnownFileType = sourcecode.swift; path = SocketEngineWebsocket.swift; sourceTree = "<group>"; };
		498188701CCADEB700029A6D /* SocketEventHandler.swift */ = {isa = PBXFileReference; fileEncoding = 4; lastKnownFileType = sourcecode.swift; path = SocketEventHandler.swift; sourceTree = "<group>"; };
		498188711CCADEB700029A6D /* SocketIOClient.swift */ = {isa = PBXFileReference; fileEncoding = 4; lastKnownFileType = sourcecode.swift; path = SocketIOClient.swift; sourceTree = "<group>"; };
		498188721CCADEB700029A6D /* SocketIOClientOption.swift */ = {isa = PBXFileReference; fileEncoding = 4; lastKnownFileType = sourcecode.swift; path = SocketIOClientOption.swift; sourceTree = "<group>"; };
		498188731CCADEB700029A6D /* SocketIOClientStatus.swift */ = {isa = PBXFileReference; fileEncoding = 4; lastKnownFileType = sourcecode.swift; path = SocketIOClientStatus.swift; sourceTree = "<group>"; };
		498188741CCADEB700029A6D /* SocketLogger.swift */ = {isa = PBXFileReference; fileEncoding = 4; lastKnownFileType = sourcecode.swift; path = SocketLogger.swift; sourceTree = "<group>"; };
		498188751CCADEB700029A6D /* SocketPacket.swift */ = {isa = PBXFileReference; fileEncoding = 4; lastKnownFileType = sourcecode.swift; path = SocketPacket.swift; sourceTree = "<group>"; };
		498188761CCADEB700029A6D /* SocketParsable.swift */ = {isa = PBXFileReference; fileEncoding = 4; lastKnownFileType = sourcecode.swift; path = SocketParsable.swift; sourceTree = "<group>"; };
		498188771CCADEB700029A6D /* SocketStringReader.swift */ = {isa = PBXFileReference; fileEncoding = 4; lastKnownFileType = sourcecode.swift; path = SocketStringReader.swift; sourceTree = "<group>"; };
		498188781CCADEB700029A6D /* SocketTypes.swift */ = {isa = PBXFileReference; fileEncoding = 4; lastKnownFileType = sourcecode.swift; path = SocketTypes.swift; sourceTree = "<group>"; };
		498188791CCADEB700029A6D /* SwiftRegex.swift */ = {isa = PBXFileReference; fileEncoding = 4; lastKnownFileType = sourcecode.swift; path = SwiftRegex.swift; sourceTree = "<group>"; };
		4981887A1CCADEB700029A6D /* WebSocket.swift */ = {isa = PBXFileReference; fileEncoding = 4; lastKnownFileType = sourcecode.swift; path = WebSocket.swift; sourceTree = "<group>"; };
		49CC31721CCB248400E9A905 /* Oswald-Bold.ttf */ = {isa = PBXFileReference; lastKnownFileType = file; path = "Oswald-Bold.ttf"; sourceTree = "<group>"; };
		49CC31731CCB248400E9A905 /* Oswald-BoldItalic.ttf */ = {isa = PBXFileReference; lastKnownFileType = file; path = "Oswald-BoldItalic.ttf"; sourceTree = "<group>"; };
		49CC31741CCB248400E9A905 /* Oswald-Demi-BoldItalic.ttf */ = {isa = PBXFileReference; lastKnownFileType = file; path = "Oswald-Demi-BoldItalic.ttf"; sourceTree = "<group>"; };
		49CC31751CCB248400E9A905 /* Oswald-DemiBold.ttf */ = {isa = PBXFileReference; lastKnownFileType = file; path = "Oswald-DemiBold.ttf"; sourceTree = "<group>"; };
		49CC31761CCB248400E9A905 /* Oswald-Extra-LightItalic.ttf */ = {isa = PBXFileReference; lastKnownFileType = file; path = "Oswald-Extra-LightItalic.ttf"; sourceTree = "<group>"; };
		49CC31771CCB248400E9A905 /* Oswald-ExtraLight.ttf */ = {isa = PBXFileReference; lastKnownFileType = file; path = "Oswald-ExtraLight.ttf"; sourceTree = "<group>"; };
		49CC31781CCB248400E9A905 /* Oswald-Heavy.ttf */ = {isa = PBXFileReference; lastKnownFileType = file; path = "Oswald-Heavy.ttf"; sourceTree = "<group>"; };
		49CC31791CCB248400E9A905 /* Oswald-HeavyItalic.ttf */ = {isa = PBXFileReference; lastKnownFileType = file; path = "Oswald-HeavyItalic.ttf"; sourceTree = "<group>"; };
		49CC317A1CCB248400E9A905 /* Oswald-Light.ttf */ = {isa = PBXFileReference; lastKnownFileType = file; path = "Oswald-Light.ttf"; sourceTree = "<group>"; };
		49CC317B1CCB248400E9A905 /* Oswald-LightItalic.ttf */ = {isa = PBXFileReference; lastKnownFileType = file; path = "Oswald-LightItalic.ttf"; sourceTree = "<group>"; };
		49CC317C1CCB248400E9A905 /* Oswald-Medium.ttf */ = {isa = PBXFileReference; lastKnownFileType = file; path = "Oswald-Medium.ttf"; sourceTree = "<group>"; };
		49CC317D1CCB248400E9A905 /* Oswald-MediumItalic.ttf */ = {isa = PBXFileReference; lastKnownFileType = file; path = "Oswald-MediumItalic.ttf"; sourceTree = "<group>"; };
		49CC317E1CCB248400E9A905 /* Oswald-Regular.ttf */ = {isa = PBXFileReference; lastKnownFileType = file; path = "Oswald-Regular.ttf"; sourceTree = "<group>"; };
		49CC317F1CCB248400E9A905 /* Oswald-RegularItalic.ttf */ = {isa = PBXFileReference; lastKnownFileType = file; path = "Oswald-RegularItalic.ttf"; sourceTree = "<group>"; };
		49CC31801CCB248400E9A905 /* Oswald-Stencil.ttf */ = {isa = PBXFileReference; lastKnownFileType = file; path = "Oswald-Stencil.ttf"; sourceTree = "<group>"; };
		BD2DC7BA1CE5054C00AAC56B /* logo.png */ = {isa = PBXFileReference; lastKnownFileType = image.png; path = logo.png; sourceTree = "<group>"; };
		BDD1EFF91CF26CF300DF3B52 /* VideoFeedViewController.swift */ = {isa = PBXFileReference; fileEncoding = 4; lastKnownFileType = sourcecode.swift; path = VideoFeedViewController.swift; sourceTree = "<group>"; };
		BDD1EFFF1CF2712000DF3B52 /* ControlBarViewController.swift */ = {isa = PBXFileReference; fileEncoding = 4; lastKnownFileType = sourcecode.swift; path = ControlBarViewController.swift; sourceTree = "<group>"; };
		BDD1F0051CF2797E00DF3B52 /* DroneViewController.swift */ = {isa = PBXFileReference; fileEncoding = 4; lastKnownFileType = sourcecode.swift; path = DroneViewController.swift; sourceTree = "<group>"; };
		BDD1F00D1CF37AD600DF3B52 /* ControlBarModel.swift */ = {isa = PBXFileReference; fileEncoding = 4; lastKnownFileType = sourcecode.swift; path = ControlBarModel.swift; sourceTree = "<group>"; };
		BDD1F0171CF3952400DF3B52 /* RotationSliderViewController.swift */ = {isa = PBXFileReference; fileEncoding = 4; lastKnownFileType = sourcecode.swift; path = RotationSliderViewController.swift; sourceTree = "<group>"; };
		BDD1F0191CF3985000DF3B52 /* AltitudeSliderViewController.swift */ = {isa = PBXFileReference; fileEncoding = 4; lastKnownFileType = sourcecode.swift; path = AltitudeSliderViewController.swift; sourceTree = "<group>"; };
		BDD1F01B1CF3B20A00DF3B52 /* UIColorExtensions.swift */ = {isa = PBXFileReference; fileEncoding = 4; lastKnownFileType = sourcecode.swift; path = UIColorExtensions.swift; sourceTree = "<group>"; };
		BDD1F0511CF520D500DF3B52 /* ImageExtensions.swift */ = {isa = PBXFileReference; fileEncoding = 4; lastKnownFileType = sourcecode.swift; path = ImageExtensions.swift; sourceTree = "<group>"; };
		BDD1F0531CF630A300DF3B52 /* LateralMovementViewController.swift */ = {isa = PBXFileReference; fileEncoding = 4; lastKnownFileType = sourcecode.swift; path = LateralMovementViewController.swift; sourceTree = "<group>"; };
		BDD1F0551CF630AD00DF3B52 /* SARMenuViewController.swift */ = {isa = PBXFileReference; fileEncoding = 4; lastKnownFileType = sourcecode.swift; path = SARMenuViewController.swift; sourceTree = "<group>"; };
		BDDE04791CD15A9E00E61271 /* CurrentLocationAnnotation.swift */ = {isa = PBXFileReference; fileEncoding = 4; lastKnownFileType = sourcecode.swift; path = CurrentLocationAnnotation.swift; sourceTree = "<group>"; };
		C13F55FF1CF4546D009FF68B /* SummaryViewController.swift */ = {isa = PBXFileReference; fileEncoding = 4; lastKnownFileType = sourcecode.swift; path = SummaryViewController.swift; sourceTree = "<group>"; };
		C1C8124A1CD94B110087ED4D /* WaypointAnnotation.swift */ = {isa = PBXFileReference; fileEncoding = 4; lastKnownFileType = sourcecode.swift; path = WaypointAnnotation.swift; sourceTree = "<group>"; };
/* End PBXFileReference section */

/* Begin PBXFrameworksBuildPhase section */
		492AF8591CC9B34B00A805F3 /* Frameworks */ = {
			isa = PBXFrameworksBuildPhase;
			buildActionMask = 2147483647;
			files = (
				4949CEB51CE0745200959856 /* libz.tbd in Frameworks */,
			);
			runOnlyForDeploymentPostprocessing = 0;
		};
		492AF8721CC9B34B00A805F3 /* Frameworks */ = {
			isa = PBXFrameworksBuildPhase;
			buildActionMask = 2147483647;
			files = (
			);
			runOnlyForDeploymentPostprocessing = 0;
		};
		492AF87D1CC9B34B00A805F3 /* Frameworks */ = {
			isa = PBXFrameworksBuildPhase;
			buildActionMask = 2147483647;
			files = (
			);
			runOnlyForDeploymentPostprocessing = 0;
		};
/* End PBXFrameworksBuildPhase section */

/* Begin PBXGroup section */
		492AF8531CC9B34B00A805F3 = {
			isa = PBXGroup;
			children = (
				4949CEB41CE0745200959856 /* libz.tbd */,
				BD2DC7BA1CE5054C00AAC56B /* logo.png */,
				492AF85E1CC9B34B00A805F3 /* Sparrow */,
				492AF85D1CC9B34B00A805F3 /* Products */,
			);
			sourceTree = "<group>";
		};
		492AF85D1CC9B34B00A805F3 /* Products */ = {
			isa = PBXGroup;
			children = (
				492AF85C1CC9B34B00A805F3 /* Sparrow.app */,
				492AF8751CC9B34B00A805F3 /* SparrowTests.xctest */,
				492AF8801CC9B34B00A805F3 /* SparrowUITests.xctest */,
			);
			name = Products;
			sourceTree = "<group>";
		};
		492AF85E1CC9B34B00A805F3 /* Sparrow */ = {
			isa = PBXGroup;
			children = (
				BDD1F0121CF37B7400DF3B52 /* Helper Swift Files */,
				BDD1F0051CF2797E00DF3B52 /* DroneViewController.swift */,
				492AF8661CC9B34B00A805F3 /* MapViewController.swift */,
				BDD1EFF91CF26CF300DF3B52 /* VideoFeedViewController.swift */,
				BDD1F00F1CF37ADF00DF3B52 /* Manual Controls */,
				BDD1F0111CF37B4900DF3B52 /* Map View */,
				492AF8681CC9B34B00A805F3 /* Main.storyboard */,
				4949CEBA1CE0749000959856 /* zlib */,
				492AF8961CC9B59000A805F3 /* DroneControlComponents */,
				BDD1F0101CF37AEF00DF3B52 /* Supporting Files */,
				49CC31811CCB249400E9A905 /* Fonts */,
				498188901CCADEC400029A6D /* SocketIO */,
			);
			path = Sparrow;
			sourceTree = "<group>";
		};
		492AF8961CC9B59000A805F3 /* DroneControlComponents */ = {
			isa = PBXGroup;
			children = (
				498188651CCAB9BC00029A6D /* AnalogStickAssets */,
				4981885A1CCAB92C00029A6D /* AnalogueStick.h */,
				4981885B1CCAB92C00029A6D /* AnalogueStick.m */,
				492AF89C1CC9BA0D00A805F3 /* Joystick.h */,
				492AF89D1CC9BA0D00A805F3 /* Joystick.m */,
			);
			name = DroneControlComponents;
			sourceTree = "<group>";
		};
		4949CEBA1CE0749000959856 /* zlib */ = {
			isa = PBXGroup;
			children = (
				4949CEB61CE0748C00959856 /* include.h */,
				4949CEB71CE0748C00959856 /* module.modulemap */,
				4949CEB81CE0748C00959856 /* NSData+GZIP.swift */,
			);
			name = zlib;
			sourceTree = "<group>";
		};
		498188651CCAB9BC00029A6D /* AnalogStickAssets */ = {
			isa = PBXGroup;
			children = (
				4981885D1CCAB98600029A6D /* analogue_bg.png */,
				4981885E1CCAB98600029A6D /* analogue_bg@2x.png */,
				4981885F1CCAB98600029A6D /* analogue_handle.png */,
				498188601CCAB98600029A6D /* analogue_handle@2x.png */,
			);
			name = AnalogStickAssets;
			sourceTree = "<group>";
		};
		498188901CCADEC400029A6D /* SocketIO */ = {
			isa = PBXGroup;
			children = (
				498188661CCADEB700029A6D /* SocketAckEmitter.swift */,
				498188671CCADEB700029A6D /* SocketAckManager.swift */,
				498188681CCADEB700029A6D /* SocketAnyEvent.swift */,
				498188691CCADEB700029A6D /* SocketClientSpec.swift */,
				4981886A1CCADEB700029A6D /* SocketEngine.swift */,
				4981886B1CCADEB700029A6D /* SocketEngineClient.swift */,
				4981886C1CCADEB700029A6D /* SocketEnginePacketType.swift */,
				4981886D1CCADEB700029A6D /* SocketEnginePollable.swift */,
				4981886E1CCADEB700029A6D /* SocketEngineSpec.swift */,
				4981886F1CCADEB700029A6D /* SocketEngineWebsocket.swift */,
				498188701CCADEB700029A6D /* SocketEventHandler.swift */,
				498188711CCADEB700029A6D /* SocketIOClient.swift */,
				498188721CCADEB700029A6D /* SocketIOClientOption.swift */,
				498188731CCADEB700029A6D /* SocketIOClientStatus.swift */,
				498188741CCADEB700029A6D /* SocketLogger.swift */,
				498188751CCADEB700029A6D /* SocketPacket.swift */,
				498188761CCADEB700029A6D /* SocketParsable.swift */,
				498188771CCADEB700029A6D /* SocketStringReader.swift */,
				498188781CCADEB700029A6D /* SocketTypes.swift */,
				498188791CCADEB700029A6D /* SwiftRegex.swift */,
				4981887A1CCADEB700029A6D /* WebSocket.swift */,
			);
			name = SocketIO;
			sourceTree = "<group>";
		};
		49CC31811CCB249400E9A905 /* Fonts */ = {
			isa = PBXGroup;
			children = (
				49CC31721CCB248400E9A905 /* Oswald-Bold.ttf */,
				49CC31731CCB248400E9A905 /* Oswald-BoldItalic.ttf */,
				49CC31741CCB248400E9A905 /* Oswald-Demi-BoldItalic.ttf */,
				49CC31751CCB248400E9A905 /* Oswald-DemiBold.ttf */,
				49CC31761CCB248400E9A905 /* Oswald-Extra-LightItalic.ttf */,
				49CC31771CCB248400E9A905 /* Oswald-ExtraLight.ttf */,
				49CC31781CCB248400E9A905 /* Oswald-Heavy.ttf */,
				49CC31791CCB248400E9A905 /* Oswald-HeavyItalic.ttf */,
				49CC317A1CCB248400E9A905 /* Oswald-Light.ttf */,
				49CC317B1CCB248400E9A905 /* Oswald-LightItalic.ttf */,
				49CC317C1CCB248400E9A905 /* Oswald-Medium.ttf */,
				49CC317D1CCB248400E9A905 /* Oswald-MediumItalic.ttf */,
				49CC317E1CCB248400E9A905 /* Oswald-Regular.ttf */,
				49CC317F1CCB248400E9A905 /* Oswald-RegularItalic.ttf */,
				49CC31801CCB248400E9A905 /* Oswald-Stencil.ttf */,
			);
			name = Fonts;
			sourceTree = "<group>";
		};
		BDD1F00F1CF37ADF00DF3B52 /* Manual Controls */ = {
			isa = PBXGroup;
			children = (
				BDD1EFFF1CF2712000DF3B52 /* ControlBarViewController.swift */,
				BDD1F00D1CF37AD600DF3B52 /* ControlBarModel.swift */,
				BDD1F0531CF630A300DF3B52 /* LateralMovementViewController.swift */,
				BDD1F0171CF3952400DF3B52 /* RotationSliderViewController.swift */,
				BDD1F0191CF3985000DF3B52 /* AltitudeSliderViewController.swift */,
			);
			name = "Manual Controls";
			sourceTree = "<group>";
		};
		BDD1F0101CF37AEF00DF3B52 /* Supporting Files */ = {
			isa = PBXGroup;
			children = (
				492AF85F1CC9B34B00A805F3 /* AppDelegate.swift */,
				492AF86D1CC9B34B00A805F3 /* LaunchScreen.storyboard */,
				492AF8701CC9B34B00A805F3 /* Info.plist */,
				492AF86B1CC9B34B00A805F3 /* Assets.xcassets */,
			);
			name = "Supporting Files";
			sourceTree = "<group>";
		};
		BDD1F0111CF37B4900DF3B52 /* Map View */ = {
			isa = PBXGroup;
			children = (
				BDD1F0551CF630AD00DF3B52 /* SARMenuViewController.swift */,
				C1C8124A1CD94B110087ED4D /* WaypointAnnotation.swift */,
				BDDE04791CD15A9E00E61271 /* CurrentLocationAnnotation.swift */,
				C13F55FF1CF4546D009FF68B /* SummaryViewController.swift */,
			);
			name = "Map View";
			sourceTree = "<group>";
		};
		BDD1F0121CF37B7400DF3B52 /* Helper Swift Files */ = {
			isa = PBXGroup;
			children = (
				BDD1F0511CF520D500DF3B52 /* ImageExtensions.swift */,
				BDD1F01B1CF3B20A00DF3B52 /* UIColorExtensions.swift */,
				492AF89F1CC9CE6600A805F3 /* JSONHelper.swift */,
			);
			name = "Helper Swift Files";
			sourceTree = "<group>";
		};
/* End PBXGroup section */

/* Begin PBXNativeTarget section */
		492AF85B1CC9B34B00A805F3 /* Sparrow */ = {
			isa = PBXNativeTarget;
			buildConfigurationList = 492AF8891CC9B34B00A805F3 /* Build configuration list for PBXNativeTarget "Sparrow" */;
			buildPhases = (
				492AF8581CC9B34B00A805F3 /* Sources */,
				492AF8591CC9B34B00A805F3 /* Frameworks */,
				492AF85A1CC9B34B00A805F3 /* Resources */,
			);
			buildRules = (
			);
			dependencies = (
			);
			name = Sparrow;
			productName = Sparrow;
			productReference = 492AF85C1CC9B34B00A805F3 /* Sparrow.app */;
			productType = "com.apple.product-type.application";
		};
		492AF8741CC9B34B00A805F3 /* SparrowTests */ = {
			isa = PBXNativeTarget;
			buildConfigurationList = 492AF88C1CC9B34B00A805F3 /* Build configuration list for PBXNativeTarget "SparrowTests" */;
			buildPhases = (
				492AF8711CC9B34B00A805F3 /* Sources */,
				492AF8721CC9B34B00A805F3 /* Frameworks */,
				492AF8731CC9B34B00A805F3 /* Resources */,
			);
			buildRules = (
			);
			dependencies = (
				492AF8771CC9B34B00A805F3 /* PBXTargetDependency */,
			);
			name = SparrowTests;
			productName = SparrowTests;
			productReference = 492AF8751CC9B34B00A805F3 /* SparrowTests.xctest */;
			productType = "com.apple.product-type.bundle.unit-test";
		};
		492AF87F1CC9B34B00A805F3 /* SparrowUITests */ = {
			isa = PBXNativeTarget;
			buildConfigurationList = 492AF88F1CC9B34B00A805F3 /* Build configuration list for PBXNativeTarget "SparrowUITests" */;
			buildPhases = (
				492AF87C1CC9B34B00A805F3 /* Sources */,
				492AF87D1CC9B34B00A805F3 /* Frameworks */,
				492AF87E1CC9B34B00A805F3 /* Resources */,
			);
			buildRules = (
			);
			dependencies = (
				492AF8821CC9B34B00A805F3 /* PBXTargetDependency */,
			);
			name = SparrowUITests;
			productName = SparrowUITests;
			productReference = 492AF8801CC9B34B00A805F3 /* SparrowUITests.xctest */;
			productType = "com.apple.product-type.bundle.ui-testing";
		};
/* End PBXNativeTarget section */

/* Begin PBXProject section */
		492AF8541CC9B34B00A805F3 /* Project object */ = {
			isa = PBXProject;
			attributes = {
				LastSwiftUpdateCheck = 0710;
				LastUpgradeCheck = 0710;
				ORGANIZATIONNAME = "Andrew Lim";
				TargetAttributes = {
					492AF85B1CC9B34B00A805F3 = {
						CreatedOnToolsVersion = 7.1.1;
						DevelopmentTeam = VWRC5P7XXF;
					};
					492AF8741CC9B34B00A805F3 = {
						CreatedOnToolsVersion = 7.1.1;
						TestTargetID = 492AF85B1CC9B34B00A805F3;
					};
					492AF87F1CC9B34B00A805F3 = {
						CreatedOnToolsVersion = 7.1.1;
						TestTargetID = 492AF85B1CC9B34B00A805F3;
					};
				};
			};
			buildConfigurationList = 492AF8571CC9B34B00A805F3 /* Build configuration list for PBXProject "Sparrow" */;
			compatibilityVersion = "Xcode 3.2";
			developmentRegion = English;
			hasScannedForEncodings = 0;
			knownRegions = (
				en,
				Base,
			);
			mainGroup = 492AF8531CC9B34B00A805F3;
			productRefGroup = 492AF85D1CC9B34B00A805F3 /* Products */;
			projectDirPath = "";
			projectRoot = "";
			targets = (
				492AF85B1CC9B34B00A805F3 /* Sparrow */,
				492AF8741CC9B34B00A805F3 /* SparrowTests */,
				492AF87F1CC9B34B00A805F3 /* SparrowUITests */,
			);
		};
/* End PBXProject section */

/* Begin PBXResourcesBuildPhase section */
		492AF85A1CC9B34B00A805F3 /* Resources */ = {
			isa = PBXResourcesBuildPhase;
			buildActionMask = 2147483647;
			files = (
				49CC318B1CCB24C900E9A905 /* Oswald-LightItalic.ttf in Resources */,
				492AF86F1CC9B34B00A805F3 /* LaunchScreen.storyboard in Resources */,
				498188621CCAB98600029A6D /* analogue_bg@2x.png in Resources */,
				49CC31861CCB24BD00E9A905 /* Oswald-Extra-LightItalic.ttf in Resources */,
				498188641CCAB98600029A6D /* analogue_handle@2x.png in Resources */,
				49CC31881CCB24C300E9A905 /* Oswald-Heavy.ttf in Resources */,
				49CC318F1CCB24D100E9A905 /* Oswald-RegularItalic.ttf in Resources */,
				49CC31871CCB24BF00E9A905 /* Oswald-ExtraLight.ttf in Resources */,
				49CC31891CCB24C500E9A905 /* Oswald-HeavyItalic.ttf in Resources */,
				49CC31901CCB24D300E9A905 /* Oswald-Stencil.ttf in Resources */,
				49CC31821CCB24B400E9A905 /* Oswald-Bold.ttf in Resources */,
				492AF86C1CC9B34B00A805F3 /* Assets.xcassets in Resources */,
				BD2DC7BB1CE5054C00AAC56B /* logo.png in Resources */,
				49CC318D1CCB24CD00E9A905 /* Oswald-MediumItalic.ttf in Resources */,
				498188611CCAB98600029A6D /* analogue_bg.png in Resources */,
				49CC31841CCB24B900E9A905 /* Oswald-Demi-BoldItalic.ttf in Resources */,
				49CC318A1CCB24C700E9A905 /* Oswald-Light.ttf in Resources */,
				492AF86A1CC9B34B00A805F3 /* Main.storyboard in Resources */,
				49CC318E1CCB24CF00E9A905 /* Oswald-Regular.ttf in Resources */,
				498188631CCAB98600029A6D /* analogue_handle.png in Resources */,
				49CC318C1CCB24CB00E9A905 /* Oswald-Medium.ttf in Resources */,
				49CC31831CCB24B700E9A905 /* Oswald-BoldItalic.ttf in Resources */,
				49CC31851CCB24BB00E9A905 /* Oswald-DemiBold.ttf in Resources */,
			);
			runOnlyForDeploymentPostprocessing = 0;
		};
		492AF8731CC9B34B00A805F3 /* Resources */ = {
			isa = PBXResourcesBuildPhase;
			buildActionMask = 2147483647;
			files = (
			);
			runOnlyForDeploymentPostprocessing = 0;
		};
		492AF87E1CC9B34B00A805F3 /* Resources */ = {
			isa = PBXResourcesBuildPhase;
			buildActionMask = 2147483647;
			files = (
			);
			runOnlyForDeploymentPostprocessing = 0;
		};
/* End PBXResourcesBuildPhase section */

/* Begin PBXSourcesBuildPhase section */
		492AF8581CC9B34B00A805F3 /* Sources */ = {
			isa = PBXSourcesBuildPhase;
			buildActionMask = 2147483647;
			files = (
				498188801CCADEB700029A6D /* SocketEngineClient.swift in Sources */,
				BDD1F00E1CF37AD600DF3B52 /* ControlBarModel.swift in Sources */,
				4981887F1CCADEB700029A6D /* SocketEngine.swift in Sources */,
				4981888B1CCADEB700029A6D /* SocketParsable.swift in Sources */,
				4981887D1CCADEB700029A6D /* SocketAnyEvent.swift in Sources */,
				BDD1F0541CF630A300DF3B52 /* LateralMovementViewController.swift in Sources */,
				4949CEB91CE0748C00959856 /* NSData+GZIP.swift in Sources */,
				492AF8601CC9B34B00A805F3 /* AppDelegate.swift in Sources */,
				492AF89E1CC9BA0D00A805F3 /* Joystick.m in Sources */,
				BDD1F0181CF3952400DF3B52 /* RotationSliderViewController.swift in Sources */,
				4981887C1CCADEB700029A6D /* SocketAckManager.swift in Sources */,
				498188821CCADEB700029A6D /* SocketEnginePollable.swift in Sources */,
				BDDE047A1CD15A9E00E61271 /* CurrentLocationAnnotation.swift in Sources */,
				4981887E1CCADEB700029A6D /* SocketClientSpec.swift in Sources */,
				498188841CCADEB700029A6D /* SocketEngineWebsocket.swift in Sources */,
				4981888E1CCADEB700029A6D /* SwiftRegex.swift in Sources */,
				4981887B1CCADEB700029A6D /* SocketAckEmitter.swift in Sources */,
				4981888F1CCADEB700029A6D /* WebSocket.swift in Sources */,
				C13F56001CF4546D009FF68B /* SummaryViewController.swift in Sources */,
				4981885C1CCAB92C00029A6D /* AnalogueStick.m in Sources */,
				498188851CCADEB700029A6D /* SocketEventHandler.swift in Sources */,
				4981888A1CCADEB700029A6D /* SocketPacket.swift in Sources */,
				498188831CCADEB700029A6D /* SocketEngineSpec.swift in Sources */,
				498188871CCADEB700029A6D /* SocketIOClientOption.swift in Sources */,
				498188811CCADEB700029A6D /* SocketEnginePacketType.swift in Sources */,
				BDD1F0061CF2797E00DF3B52 /* DroneViewController.swift in Sources */,
				498188881CCADEB700029A6D /* SocketIOClientStatus.swift in Sources */,
				492AF8A01CC9CE6600A805F3 /* JSONHelper.swift in Sources */,
				498188861CCADEB700029A6D /* SocketIOClient.swift in Sources */,
				BDD1EFFA1CF26CF300DF3B52 /* VideoFeedViewController.swift in Sources */,
				BDD1F0521CF520D500DF3B52 /* ImageExtensions.swift in Sources */,
				4981888C1CCADEB700029A6D /* SocketStringReader.swift in Sources */,
				4981888D1CCADEB700029A6D /* SocketTypes.swift in Sources */,
				BDD1F0561CF630AD00DF3B52 /* SARMenuViewController.swift in Sources */,
				BDD1F0001CF2712000DF3B52 /* ControlBarViewController.swift in Sources */,
				C1C8124B1CD94B110087ED4D /* WaypointAnnotation.swift in Sources */,
				BDD1F01A1CF3985000DF3B52 /* AltitudeSliderViewController.swift in Sources */,
				498188891CCADEB700029A6D /* SocketLogger.swift in Sources */,
				492AF8671CC9B34B00A805F3 /* MapViewController.swift in Sources */,
				BDD1F01C1CF3B20A00DF3B52 /* UIColorExtensions.swift in Sources */,
			);
			runOnlyForDeploymentPostprocessing = 0;
		};
		492AF8711CC9B34B00A805F3 /* Sources */ = {
			isa = PBXSourcesBuildPhase;
			buildActionMask = 2147483647;
			files = (
			);
			runOnlyForDeploymentPostprocessing = 0;
		};
		492AF87C1CC9B34B00A805F3 /* Sources */ = {
			isa = PBXSourcesBuildPhase;
			buildActionMask = 2147483647;
			files = (
			);
			runOnlyForDeploymentPostprocessing = 0;
		};
/* End PBXSourcesBuildPhase section */

/* Begin PBXTargetDependency section */
		492AF8771CC9B34B00A805F3 /* PBXTargetDependency */ = {
			isa = PBXTargetDependency;
			target = 492AF85B1CC9B34B00A805F3 /* Sparrow */;
			targetProxy = 492AF8761CC9B34B00A805F3 /* PBXContainerItemProxy */;
		};
		492AF8821CC9B34B00A805F3 /* PBXTargetDependency */ = {
			isa = PBXTargetDependency;
			target = 492AF85B1CC9B34B00A805F3 /* Sparrow */;
			targetProxy = 492AF8811CC9B34B00A805F3 /* PBXContainerItemProxy */;
		};
/* End PBXTargetDependency section */

/* Begin PBXVariantGroup section */
		492AF8681CC9B34B00A805F3 /* Main.storyboard */ = {
			isa = PBXVariantGroup;
			children = (
				492AF8691CC9B34B00A805F3 /* Base */,
			);
			name = Main.storyboard;
			sourceTree = "<group>";
		};
		492AF86D1CC9B34B00A805F3 /* LaunchScreen.storyboard */ = {
			isa = PBXVariantGroup;
			children = (
				492AF86E1CC9B34B00A805F3 /* Base */,
			);
			name = LaunchScreen.storyboard;
			sourceTree = "<group>";
		};
/* End PBXVariantGroup section */

/* Begin XCBuildConfiguration section */
		492AF8871CC9B34B00A805F3 /* Debug */ = {
			isa = XCBuildConfiguration;
			buildSettings = {
				ALWAYS_SEARCH_USER_PATHS = NO;
				CLANG_CXX_LANGUAGE_STANDARD = "gnu++0x";
				CLANG_CXX_LIBRARY = "libc++";
				CLANG_ENABLE_MODULES = YES;
				CLANG_ENABLE_OBJC_ARC = YES;
				CLANG_WARN_BOOL_CONVERSION = YES;
				CLANG_WARN_CONSTANT_CONVERSION = YES;
				CLANG_WARN_DIRECT_OBJC_ISA_USAGE = YES_ERROR;
				CLANG_WARN_EMPTY_BODY = YES;
				CLANG_WARN_ENUM_CONVERSION = YES;
				CLANG_WARN_INT_CONVERSION = YES;
				CLANG_WARN_OBJC_ROOT_CLASS = YES_ERROR;
				CLANG_WARN_UNREACHABLE_CODE = YES;
				CLANG_WARN__DUPLICATE_METHOD_MATCH = YES;
				"CODE_SIGN_IDENTITY[sdk=iphoneos*]" = "iPhone Developer";
				COPY_PHASE_STRIP = NO;
				DEBUG_INFORMATION_FORMAT = dwarf;
				ENABLE_STRICT_OBJC_MSGSEND = YES;
				ENABLE_TESTABILITY = YES;
				GCC_C_LANGUAGE_STANDARD = gnu99;
				GCC_DYNAMIC_NO_PIC = NO;
				GCC_NO_COMMON_BLOCKS = YES;
				GCC_OPTIMIZATION_LEVEL = 0;
				GCC_PREPROCESSOR_DEFINITIONS = (
					"DEBUG=1",
					"$(inherited)",
				);
				GCC_WARN_64_TO_32_BIT_CONVERSION = YES;
				GCC_WARN_ABOUT_RETURN_TYPE = YES_ERROR;
				GCC_WARN_UNDECLARED_SELECTOR = YES;
				GCC_WARN_UNINITIALIZED_AUTOS = YES_AGGRESSIVE;
				GCC_WARN_UNUSED_FUNCTION = YES;
				GCC_WARN_UNUSED_VARIABLE = YES;
				IPHONEOS_DEPLOYMENT_TARGET = 9.1;
				MTL_ENABLE_DEBUG_INFO = YES;
				ONLY_ACTIVE_ARCH = YES;
				SDKROOT = iphoneos;
				SWIFT_OPTIMIZATION_LEVEL = "-Onone";
			};
			name = Debug;
		};
		492AF8881CC9B34B00A805F3 /* Release */ = {
			isa = XCBuildConfiguration;
			buildSettings = {
				ALWAYS_SEARCH_USER_PATHS = NO;
				CLANG_CXX_LANGUAGE_STANDARD = "gnu++0x";
				CLANG_CXX_LIBRARY = "libc++";
				CLANG_ENABLE_MODULES = YES;
				CLANG_ENABLE_OBJC_ARC = YES;
				CLANG_WARN_BOOL_CONVERSION = YES;
				CLANG_WARN_CONSTANT_CONVERSION = YES;
				CLANG_WARN_DIRECT_OBJC_ISA_USAGE = YES_ERROR;
				CLANG_WARN_EMPTY_BODY = YES;
				CLANG_WARN_ENUM_CONVERSION = YES;
				CLANG_WARN_INT_CONVERSION = YES;
				CLANG_WARN_OBJC_ROOT_CLASS = YES_ERROR;
				CLANG_WARN_UNREACHABLE_CODE = YES;
				CLANG_WARN__DUPLICATE_METHOD_MATCH = YES;
				"CODE_SIGN_IDENTITY[sdk=iphoneos*]" = "iPhone Developer";
				COPY_PHASE_STRIP = NO;
				DEBUG_INFORMATION_FORMAT = "dwarf-with-dsym";
				ENABLE_NS_ASSERTIONS = NO;
				ENABLE_STRICT_OBJC_MSGSEND = YES;
				GCC_C_LANGUAGE_STANDARD = gnu99;
				GCC_NO_COMMON_BLOCKS = YES;
				GCC_WARN_64_TO_32_BIT_CONVERSION = YES;
				GCC_WARN_ABOUT_RETURN_TYPE = YES_ERROR;
				GCC_WARN_UNDECLARED_SELECTOR = YES;
				GCC_WARN_UNINITIALIZED_AUTOS = YES_AGGRESSIVE;
				GCC_WARN_UNUSED_FUNCTION = YES;
				GCC_WARN_UNUSED_VARIABLE = YES;
				IPHONEOS_DEPLOYMENT_TARGET = 9.1;
				MTL_ENABLE_DEBUG_INFO = NO;
				SDKROOT = iphoneos;
				VALIDATE_PRODUCT = YES;
			};
			name = Release;
		};
		492AF88A1CC9B34B00A805F3 /* Debug */ = {
			isa = XCBuildConfiguration;
			buildSettings = {
				ASSETCATALOG_COMPILER_APPICON_NAME = AppIcon;
				CLANG_ENABLE_MODULES = YES;
				CODE_SIGN_IDENTITY = "iPhone Developer";
				"CODE_SIGN_IDENTITY[sdk=iphoneos*]" = "iPhone Developer";
				INFOPLIST_FILE = Sparrow/Info.plist;
				IPHONEOS_DEPLOYMENT_TARGET = 9.1;
				LD_RUNPATH_SEARCH_PATHS = "$(inherited) @executable_path/Frameworks";
				PRODUCT_BUNDLE_IDENTIFIER = sparrow.org.Sparrow;
				PRODUCT_NAME = "$(TARGET_NAME)";
				PROVISIONING_PROFILE = "";
				SWIFT_OBJC_BRIDGING_HEADER = "Sparrow/Sparrow-Bridging-Header.h";
				SWIFT_OPTIMIZATION_LEVEL = "-Onone";
				TARGETED_DEVICE_FAMILY = 2;
			};
			name = Debug;
		};
		492AF88B1CC9B34B00A805F3 /* Release */ = {
			isa = XCBuildConfiguration;
			buildSettings = {
				ASSETCATALOG_COMPILER_APPICON_NAME = AppIcon;
				CLANG_ENABLE_MODULES = YES;
				CODE_SIGN_IDENTITY = "iPhone Developer";
				"CODE_SIGN_IDENTITY[sdk=iphoneos*]" = "iPhone Developer";
				INFOPLIST_FILE = Sparrow/Info.plist;
				IPHONEOS_DEPLOYMENT_TARGET = 9.1;
				LD_RUNPATH_SEARCH_PATHS = "$(inherited) @executable_path/Frameworks";
				PRODUCT_BUNDLE_IDENTIFIER = sparrow.org.Sparrow;
				PRODUCT_NAME = "$(TARGET_NAME)";
				PROVISIONING_PROFILE = "";
				SWIFT_OBJC_BRIDGING_HEADER = "Sparrow/Sparrow-Bridging-Header.h";
				TARGETED_DEVICE_FAMILY = 2;
			};
			name = Release;
		};
		492AF88D1CC9B34B00A805F3 /* Debug */ = {
			isa = XCBuildConfiguration;
			buildSettings = {
				BUNDLE_LOADER = "$(TEST_HOST)";
				INFOPLIST_FILE = SparrowTests/Info.plist;
				LD_RUNPATH_SEARCH_PATHS = "$(inherited) @executable_path/Frameworks @loader_path/Frameworks";
				PRODUCT_BUNDLE_IDENTIFIER = sparrow.org.SparrowTests;
				PRODUCT_NAME = "$(TARGET_NAME)";
				TEST_HOST = "$(BUILT_PRODUCTS_DIR)/Sparrow.app/Sparrow";
			};
			name = Debug;
		};
		492AF88E1CC9B34B00A805F3 /* Release */ = {
			isa = XCBuildConfiguration;
			buildSettings = {
				BUNDLE_LOADER = "$(TEST_HOST)";
				INFOPLIST_FILE = SparrowTests/Info.plist;
				LD_RUNPATH_SEARCH_PATHS = "$(inherited) @executable_path/Frameworks @loader_path/Frameworks";
				PRODUCT_BUNDLE_IDENTIFIER = sparrow.org.SparrowTests;
				PRODUCT_NAME = "$(TARGET_NAME)";
				TEST_HOST = "$(BUILT_PRODUCTS_DIR)/Sparrow.app/Sparrow";
			};
			name = Release;
		};
		492AF8901CC9B34B00A805F3 /* Debug */ = {
			isa = XCBuildConfiguration;
			buildSettings = {
				INFOPLIST_FILE = SparrowUITests/Info.plist;
				LD_RUNPATH_SEARCH_PATHS = "$(inherited) @executable_path/Frameworks @loader_path/Frameworks";
				PRODUCT_BUNDLE_IDENTIFIER = sparrow.org.SparrowUITests;
				PRODUCT_NAME = "$(TARGET_NAME)";
				TEST_TARGET_NAME = Sparrow;
				USES_XCTRUNNER = YES;
			};
			name = Debug;
		};
		492AF8911CC9B34B00A805F3 /* Release */ = {
			isa = XCBuildConfiguration;
			buildSettings = {
				INFOPLIST_FILE = SparrowUITests/Info.plist;
				LD_RUNPATH_SEARCH_PATHS = "$(inherited) @executable_path/Frameworks @loader_path/Frameworks";
				PRODUCT_BUNDLE_IDENTIFIER = sparrow.org.SparrowUITests;
				PRODUCT_NAME = "$(TARGET_NAME)";
				TEST_TARGET_NAME = Sparrow;
				USES_XCTRUNNER = YES;
			};
			name = Release;
		};
/* End XCBuildConfiguration section */

/* Begin XCConfigurationList section */
		492AF8571CC9B34B00A805F3 /* Build configuration list for PBXProject "Sparrow" */ = {
			isa = XCConfigurationList;
			buildConfigurations = (
				492AF8871CC9B34B00A805F3 /* Debug */,
				492AF8881CC9B34B00A805F3 /* Release */,
			);
			defaultConfigurationIsVisible = 0;
			defaultConfigurationName = Release;
		};
		492AF8891CC9B34B00A805F3 /* Build configuration list for PBXNativeTarget "Sparrow" */ = {
			isa = XCConfigurationList;
			buildConfigurations = (
				492AF88A1CC9B34B00A805F3 /* Debug */,
				492AF88B1CC9B34B00A805F3 /* Release */,
			);
			defaultConfigurationIsVisible = 0;
			defaultConfigurationName = Release;
		};
		492AF88C1CC9B34B00A805F3 /* Build configuration list for PBXNativeTarget "SparrowTests" */ = {
			isa = XCConfigurationList;
			buildConfigurations = (
				492AF88D1CC9B34B00A805F3 /* Debug */,
				492AF88E1CC9B34B00A805F3 /* Release */,
			);
			defaultConfigurationIsVisible = 0;
			defaultConfigurationName = Release;
		};
		492AF88F1CC9B34B00A805F3 /* Build configuration list for PBXNativeTarget "SparrowUITests" */ = {
			isa = XCConfigurationList;
			buildConfigurations = (
				492AF8901CC9B34B00A805F3 /* Debug */,
				492AF8911CC9B34B00A805F3 /* Release */,
			);
			defaultConfigurationIsVisible = 0;
			defaultConfigurationName = Release;
		};
/* End XCConfigurationList section */
	};
	rootObject = 492AF8541CC9B34B00A805F3 /* Project object */;
}
